
Microsoft Visual Studio Solution File, Format Version 12.00
# Visual Studio Version 17
VisualStudioVersion = 17.5.33414.496
MinimumVisualStudioVersion = 10.0.40219.1
Project("{FAE04EC0-301F-11D3-BF4B-00C04F79EFBC}") = "task5", "task5.csproj", "{49617DD5-A172-439F-92C8-54305DCE32AE}"
EndProject
Global
	GlobalSection(SolutionConfigurationPlatforms) = preSolution
		Debug|Any CPU = Debug|Any CPU
		Release|Any CPU = Release|Any CPU
	EndGlobalSection
	GlobalSection(ProjectConfigurationPlatforms) = postSolution
		{49617DD5-A172-439F-92C8-54305DCE32AE}.Debug|Any CPU.ActiveCfg = Debug|Any CPU
		{49617DD5-A172-439F-92C8-54305DCE32AE}.Debug|Any CPU.Build.0 = Debug|Any CPU
		{49617DD5-A172-439F-92C8-54305DCE32AE}.Release|Any CPU.ActiveCfg = Release|Any CPU
		{49617DD5-A172-439F-92C8-54305DCE32AE}.Release|Any CPU.Build.0 = Release|Any CPU
	EndGlobalSection
	GlobalSection(SolutionProperties) = preSolution
		HideSolutionNode = FALSE
	EndGlobalSection
	GlobalSection(ExtensibilityGlobals) = postSolution
		SolutionGuid = {F112856D-F120-466F-B7FA-07A1BEB58C2B}
	EndGlobalSection
EndGlobal
