
Microsoft Visual Studio Solution File, Format Version 12.00
# Visual Studio Version 17
VisualStudioVersion = 17.5.33414.496
MinimumVisualStudioVersion = 10.0.40219.1
Project("{FAE04EC0-301F-11D3-BF4B-00C04F79EFBC}") = "taskseven", "taskseven.csproj", "{73AD4763-64C4-408E-9B36-B16C034CC566}"
EndProject
Global
	GlobalSection(SolutionConfigurationPlatforms) = preSolution
		Debug|Any CPU = Debug|Any CPU
		Release|Any CPU = Release|Any CPU
	EndGlobalSection
	GlobalSection(ProjectConfigurationPlatforms) = postSolution
		{73AD4763-64C4-408E-9B36-B16C034CC566}.Debug|Any CPU.ActiveCfg = Debug|Any CPU
		{73AD4763-64C4-408E-9B36-B16C034CC566}.Debug|Any CPU.Build.0 = Debug|Any CPU
		{73AD4763-64C4-408E-9B36-B16C034CC566}.Release|Any CPU.ActiveCfg = Release|Any CPU
		{73AD4763-64C4-408E-9B36-B16C034CC566}.Release|Any CPU.Build.0 = Release|Any CPU
	EndGlobalSection
	GlobalSection(SolutionProperties) = preSolution
		HideSolutionNode = FALSE
	EndGlobalSection
	GlobalSection(ExtensibilityGlobals) = postSolution
		SolutionGuid = {0007B5EA-93DE-4C59-82A6-4EF9D1266A23}
	EndGlobalSection
EndGlobal
